
Microsoft Visual Studio Solution File, Format Version 12.00
# Visual Studio 15
VisualStudioVersion = 15.0.28307.106
MinimumVisualStudioVersion = 10.0.40219.1
Project("{FAE04EC0-301F-11D3-BF4B-00C04F79EFBC}") = "task_02", "ConsoleApp2\task_02.csproj", "{75EBD315-0F41-43A3-AC11-8A7A925E930A}"
EndProject
Global
	GlobalSection(SolutionConfigurationPlatforms) = preSolution
		Debug|Any CPU = Debug|Any CPU
		Release|Any CPU = Release|Any CPU
	EndGlobalSection
	GlobalSection(ProjectConfigurationPlatforms) = postSolution
		{75EBD315-0F41-43A3-AC11-8A7A925E930A}.Debug|Any CPU.ActiveCfg = Debug|Any CPU
		{75EBD315-0F41-43A3-AC11-8A7A925E930A}.Debug|Any CPU.Build.0 = Debug|Any CPU
		{75EBD315-0F41-43A3-AC11-8A7A925E930A}.Release|Any CPU.ActiveCfg = Release|Any CPU
		{75EBD315-0F41-43A3-AC11-8A7A925E930A}.Release|Any CPU.Build.0 = Release|Any CPU
	EndGlobalSection
	GlobalSection(SolutionProperties) = preSolution
		HideSolutionNode = FALSE
	EndGlobalSection
	GlobalSection(ExtensibilityGlobals) = postSolution
		SolutionGuid = {EB265454-5F0C-4391-949E-5791C7A482E8}
	EndGlobalSection
EndGlobal
