
Microsoft Visual Studio Solution File, Format Version 12.00
# Visual Studio 15
VisualStudioVersion = 15.0.28307.106
MinimumVisualStudioVersion = 10.0.40219.1
Project("{FAE04EC0-301F-11D3-BF4B-00C04F79EFBC}") = "task_04", "task_04\task_04.csproj", "{73491796-67ED-4BB8-9CB6-89B8720B7716}"
EndProject
Project("{FAE04EC0-301F-11D3-BF4B-00C04F79EFBC}") = "Figures", "Figures\Figures.csproj", "{FCD22AD9-8B36-4F37-B970-16FBE1DE6E24}"
EndProject
Global
	GlobalSection(SolutionConfigurationPlatforms) = preSolution
		Debug|Any CPU = Debug|Any CPU
		Release|Any CPU = Release|Any CPU
	EndGlobalSection
	GlobalSection(ProjectConfigurationPlatforms) = postSolution
		{73491796-67ED-4BB8-9CB6-89B8720B7716}.Debug|Any CPU.ActiveCfg = Debug|Any CPU
		{73491796-67ED-4BB8-9CB6-89B8720B7716}.Debug|Any CPU.Build.0 = Debug|Any CPU
		{73491796-67ED-4BB8-9CB6-89B8720B7716}.Release|Any CPU.ActiveCfg = Release|Any CPU
		{73491796-67ED-4BB8-9CB6-89B8720B7716}.Release|Any CPU.Build.0 = Release|Any CPU
		{FCD22AD9-8B36-4F37-B970-16FBE1DE6E24}.Debug|Any CPU.ActiveCfg = Debug|Any CPU
		{FCD22AD9-8B36-4F37-B970-16FBE1DE6E24}.Debug|Any CPU.Build.0 = Debug|Any CPU
		{FCD22AD9-8B36-4F37-B970-16FBE1DE6E24}.Release|Any CPU.ActiveCfg = Release|Any CPU
		{FCD22AD9-8B36-4F37-B970-16FBE1DE6E24}.Release|Any CPU.Build.0 = Release|Any CPU
	EndGlobalSection
	GlobalSection(SolutionProperties) = preSolution
		HideSolutionNode = FALSE
	EndGlobalSection
	GlobalSection(ExtensibilityGlobals) = postSolution
		SolutionGuid = {809A1674-37B5-4FFC-BA22-52336A0276E4}
	EndGlobalSection
EndGlobal
