
Microsoft Visual Studio Solution File, Format Version 12.00
# Visual Studio 15
VisualStudioVersion = 15.0.28307.106
MinimumVisualStudioVersion = 10.0.40219.1
Project("{FAE04EC0-301F-11D3-BF4B-00C04F79EFBC}") = "ClassLibrary1", "ClassLibrary1\ClassLibrary1.csproj", "{5A60C928-8F0F-4B24-863B-CC7CDAB64640}"
EndProject
Project("{FAE04EC0-301F-11D3-BF4B-00C04F79EFBC}") = "ConsoleApp1", "ConsoleApp1\ConsoleApp1.csproj", "{7E8AB5AC-7501-4E33-92EE-11B84FBBB8D2}"
EndProject
Global
	GlobalSection(SolutionConfigurationPlatforms) = preSolution
		Debug|Any CPU = Debug|Any CPU
		Release|Any CPU = Release|Any CPU
	EndGlobalSection
	GlobalSection(ProjectConfigurationPlatforms) = postSolution
		{5A60C928-8F0F-4B24-863B-CC7CDAB64640}.Debug|Any CPU.ActiveCfg = Debug|Any CPU
		{5A60C928-8F0F-4B24-863B-CC7CDAB64640}.Debug|Any CPU.Build.0 = Debug|Any CPU
		{5A60C928-8F0F-4B24-863B-CC7CDAB64640}.Release|Any CPU.ActiveCfg = Release|Any CPU
		{5A60C928-8F0F-4B24-863B-CC7CDAB64640}.Release|Any CPU.Build.0 = Release|Any CPU
		{7E8AB5AC-7501-4E33-92EE-11B84FBBB8D2}.Debug|Any CPU.ActiveCfg = Debug|Any CPU
		{7E8AB5AC-7501-4E33-92EE-11B84FBBB8D2}.Debug|Any CPU.Build.0 = Debug|Any CPU
		{7E8AB5AC-7501-4E33-92EE-11B84FBBB8D2}.Release|Any CPU.ActiveCfg = Release|Any CPU
		{7E8AB5AC-7501-4E33-92EE-11B84FBBB8D2}.Release|Any CPU.Build.0 = Release|Any CPU
	EndGlobalSection
	GlobalSection(SolutionProperties) = preSolution
		HideSolutionNode = FALSE
	EndGlobalSection
	GlobalSection(ExtensibilityGlobals) = postSolution
		SolutionGuid = {9970A291-3122-4DC1-85F6-7246F4B4AD56}
	EndGlobalSection
EndGlobal
