
Microsoft Visual Studio Solution File, Format Version 12.00
# Visual Studio 15
VisualStudioVersion = 15.0.28307.572
MinimumVisualStudioVersion = 10.0.40219.1
Project("{FAE04EC0-301F-11D3-BF4B-00C04F79EFBC}") = "MultiThreading1", "MultiThreading1\MultiThreading1.csproj", "{68E786DE-E6E4-4C1A-9EFB-B3E62731C650}"
EndProject
Project("{FAE04EC0-301F-11D3-BF4B-00C04F79EFBC}") = "MonteCarlo", "MonteCarlo\MonteCarlo.csproj", "{124FCC58-F2FB-428D-8E62-F915A110DC0F}"
EndProject
Project("{FAE04EC0-301F-11D3-BF4B-00C04F79EFBC}") = "MultiThreading2", "MultiThreading2\MultiThreading2.csproj", "{DE93732F-0CFB-4A2E-900D-0BABFCBC0C2B}"
EndProject
Global
	GlobalSection(SolutionConfigurationPlatforms) = preSolution
		Debug|Any CPU = Debug|Any CPU
		Release|Any CPU = Release|Any CPU
	EndGlobalSection
	GlobalSection(ProjectConfigurationPlatforms) = postSolution
		{68E786DE-E6E4-4C1A-9EFB-B3E62731C650}.Debug|Any CPU.ActiveCfg = Debug|Any CPU
		{68E786DE-E6E4-4C1A-9EFB-B3E62731C650}.Debug|Any CPU.Build.0 = Debug|Any CPU
		{68E786DE-E6E4-4C1A-9EFB-B3E62731C650}.Release|Any CPU.ActiveCfg = Release|Any CPU
		{68E786DE-E6E4-4C1A-9EFB-B3E62731C650}.Release|Any CPU.Build.0 = Release|Any CPU
		{124FCC58-F2FB-428D-8E62-F915A110DC0F}.Debug|Any CPU.ActiveCfg = Debug|Any CPU
		{124FCC58-F2FB-428D-8E62-F915A110DC0F}.Debug|Any CPU.Build.0 = Debug|Any CPU
		{124FCC58-F2FB-428D-8E62-F915A110DC0F}.Release|Any CPU.ActiveCfg = Release|Any CPU
		{124FCC58-F2FB-428D-8E62-F915A110DC0F}.Release|Any CPU.Build.0 = Release|Any CPU
		{DE93732F-0CFB-4A2E-900D-0BABFCBC0C2B}.Debug|Any CPU.ActiveCfg = Debug|Any CPU
		{DE93732F-0CFB-4A2E-900D-0BABFCBC0C2B}.Debug|Any CPU.Build.0 = Debug|Any CPU
		{DE93732F-0CFB-4A2E-900D-0BABFCBC0C2B}.Release|Any CPU.ActiveCfg = Release|Any CPU
		{DE93732F-0CFB-4A2E-900D-0BABFCBC0C2B}.Release|Any CPU.Build.0 = Release|Any CPU
	EndGlobalSection
	GlobalSection(SolutionProperties) = preSolution
		HideSolutionNode = FALSE
	EndGlobalSection
	GlobalSection(ExtensibilityGlobals) = postSolution
		SolutionGuid = {F4498383-7460-4E44-BC45-5808AF4A8013}
	EndGlobalSection
EndGlobal
