
Microsoft Visual Studio Solution File, Format Version 12.00
# Visual Studio 15
VisualStudioVersion = 15.0.28307.106
MinimumVisualStudioVersion = 10.0.40219.1
Project("{FAE04EC0-301F-11D3-BF4B-00C04F79EFBC}") = "task_02", "task_02\task_02.csproj", "{4C73506D-0511-47D8-A2CC-D62A99C38F0F}"
EndProject
Project("{FAE04EC0-301F-11D3-BF4B-00C04F79EFBC}") = "Figures", "Figures\Figures.csproj", "{6B197768-2E23-44F3-B07C-9F44305F62CB}"
EndProject
Global
	GlobalSection(SolutionConfigurationPlatforms) = preSolution
		Debug|Any CPU = Debug|Any CPU
		Release|Any CPU = Release|Any CPU
	EndGlobalSection
	GlobalSection(ProjectConfigurationPlatforms) = postSolution
		{4C73506D-0511-47D8-A2CC-D62A99C38F0F}.Debug|Any CPU.ActiveCfg = Debug|Any CPU
		{4C73506D-0511-47D8-A2CC-D62A99C38F0F}.Debug|Any CPU.Build.0 = Debug|Any CPU
		{4C73506D-0511-47D8-A2CC-D62A99C38F0F}.Release|Any CPU.ActiveCfg = Release|Any CPU
		{4C73506D-0511-47D8-A2CC-D62A99C38F0F}.Release|Any CPU.Build.0 = Release|Any CPU
		{6B197768-2E23-44F3-B07C-9F44305F62CB}.Debug|Any CPU.ActiveCfg = Debug|Any CPU
		{6B197768-2E23-44F3-B07C-9F44305F62CB}.Debug|Any CPU.Build.0 = Debug|Any CPU
		{6B197768-2E23-44F3-B07C-9F44305F62CB}.Release|Any CPU.ActiveCfg = Release|Any CPU
		{6B197768-2E23-44F3-B07C-9F44305F62CB}.Release|Any CPU.Build.0 = Release|Any CPU
	EndGlobalSection
	GlobalSection(SolutionProperties) = preSolution
		HideSolutionNode = FALSE
	EndGlobalSection
	GlobalSection(ExtensibilityGlobals) = postSolution
		SolutionGuid = {53770013-8074-458D-B439-8A358A25AC62}
	EndGlobalSection
EndGlobal
