
Microsoft Visual Studio Solution File, Format Version 12.00
# Visual Studio 15
VisualStudioVersion = 15.0.28307.106
MinimumVisualStudioVersion = 10.0.40219.1
Project("{FAE04EC0-301F-11D3-BF4B-00C04F79EFBC}") = "task_00", "task_00\task_00.csproj", "{01DC7514-D8B1-4CBE-82B1-961A5DBE00E9}"
EndProject
Global
	GlobalSection(SolutionConfigurationPlatforms) = preSolution
		Debug|Any CPU = Debug|Any CPU
		Release|Any CPU = Release|Any CPU
	EndGlobalSection
	GlobalSection(ProjectConfigurationPlatforms) = postSolution
		{01DC7514-D8B1-4CBE-82B1-961A5DBE00E9}.Debug|Any CPU.ActiveCfg = Debug|Any CPU
		{01DC7514-D8B1-4CBE-82B1-961A5DBE00E9}.Debug|Any CPU.Build.0 = Debug|Any CPU
		{01DC7514-D8B1-4CBE-82B1-961A5DBE00E9}.Release|Any CPU.ActiveCfg = Release|Any CPU
		{01DC7514-D8B1-4CBE-82B1-961A5DBE00E9}.Release|Any CPU.Build.0 = Release|Any CPU
	EndGlobalSection
	GlobalSection(SolutionProperties) = preSolution
		HideSolutionNode = FALSE
	EndGlobalSection
	GlobalSection(ExtensibilityGlobals) = postSolution
		SolutionGuid = {336B961B-8007-467B-AF41-4E0546605E73}
	EndGlobalSection
EndGlobal
