
Microsoft Visual Studio Solution File, Format Version 12.00
# Visual Studio 15
VisualStudioVersion = 15.0.28307.106
MinimumVisualStudioVersion = 10.0.40219.1
Project("{FAE04EC0-301F-11D3-BF4B-00C04F79EFBC}") = "ClassLibrary", "ManakhovaMaria_BSE184\ClassLibrary.csproj", "{EF213ABD-86E9-4C62-B9C0-8FDDDB14691C}"
EndProject
Project("{FAE04EC0-301F-11D3-BF4B-00C04F79EFBC}") = "ConsoleApp", "ConsoleApp\ConsoleApp.csproj", "{D08BE1B2-A24D-4343-B5F0-38B8D06D1E51}"
EndProject
Global
	GlobalSection(SolutionConfigurationPlatforms) = preSolution
		Debug|Any CPU = Debug|Any CPU
		Release|Any CPU = Release|Any CPU
	EndGlobalSection
	GlobalSection(ProjectConfigurationPlatforms) = postSolution
		{EF213ABD-86E9-4C62-B9C0-8FDDDB14691C}.Debug|Any CPU.ActiveCfg = Debug|Any CPU
		{EF213ABD-86E9-4C62-B9C0-8FDDDB14691C}.Debug|Any CPU.Build.0 = Debug|Any CPU
		{EF213ABD-86E9-4C62-B9C0-8FDDDB14691C}.Release|Any CPU.ActiveCfg = Release|Any CPU
		{EF213ABD-86E9-4C62-B9C0-8FDDDB14691C}.Release|Any CPU.Build.0 = Release|Any CPU
		{D08BE1B2-A24D-4343-B5F0-38B8D06D1E51}.Debug|Any CPU.ActiveCfg = Debug|Any CPU
		{D08BE1B2-A24D-4343-B5F0-38B8D06D1E51}.Debug|Any CPU.Build.0 = Debug|Any CPU
		{D08BE1B2-A24D-4343-B5F0-38B8D06D1E51}.Release|Any CPU.ActiveCfg = Release|Any CPU
		{D08BE1B2-A24D-4343-B5F0-38B8D06D1E51}.Release|Any CPU.Build.0 = Release|Any CPU
	EndGlobalSection
	GlobalSection(SolutionProperties) = preSolution
		HideSolutionNode = FALSE
	EndGlobalSection
	GlobalSection(ExtensibilityGlobals) = postSolution
		SolutionGuid = {A6F20109-7C8A-46D4-85AB-35DF65286D3A}
	EndGlobalSection
EndGlobal
