
Microsoft Visual Studio Solution File, Format Version 12.00
# Visual Studio 15
VisualStudioVersion = 15.0.28307.106
MinimumVisualStudioVersion = 10.0.40219.1
Project("{FAE04EC0-301F-11D3-BF4B-00C04F79EFBC}") = "task_03", "task_03\task_03.csproj", "{9C7F0C93-3994-47F5-9B63-74A0EB97552B}"
EndProject
Global
	GlobalSection(SolutionConfigurationPlatforms) = preSolution
		Debug|Any CPU = Debug|Any CPU
		Release|Any CPU = Release|Any CPU
	EndGlobalSection
	GlobalSection(ProjectConfigurationPlatforms) = postSolution
		{9C7F0C93-3994-47F5-9B63-74A0EB97552B}.Debug|Any CPU.ActiveCfg = Debug|Any CPU
		{9C7F0C93-3994-47F5-9B63-74A0EB97552B}.Debug|Any CPU.Build.0 = Debug|Any CPU
		{9C7F0C93-3994-47F5-9B63-74A0EB97552B}.Release|Any CPU.ActiveCfg = Release|Any CPU
		{9C7F0C93-3994-47F5-9B63-74A0EB97552B}.Release|Any CPU.Build.0 = Release|Any CPU
	EndGlobalSection
	GlobalSection(SolutionProperties) = preSolution
		HideSolutionNode = FALSE
	EndGlobalSection
	GlobalSection(ExtensibilityGlobals) = postSolution
		SolutionGuid = {46785B30-B7AE-4AFD-966F-DB672263EB37}
	EndGlobalSection
EndGlobal
