
Microsoft Visual Studio Solution File, Format Version 12.00
# Visual Studio 15
VisualStudioVersion = 15.0.28307.106
MinimumVisualStudioVersion = 10.0.40219.1
Project("{FAE04EC0-301F-11D3-BF4B-00C04F79EFBC}") = "SampleLib1", "ClassLibrary1\SampleLib1.csproj", "{FE14E42F-5A01-47C0-A35B-E33667CA05A7}"
EndProject
Project("{FAE04EC0-301F-11D3-BF4B-00C04F79EFBC}") = "ConsoleApp1", "ConsoleApp1\ConsoleApp1.csproj", "{6FBE9A6C-3E98-4C77-BDA6-D526BA0130D6}"
EndProject
Global
	GlobalSection(SolutionConfigurationPlatforms) = preSolution
		Debug|Any CPU = Debug|Any CPU
		Release|Any CPU = Release|Any CPU
	EndGlobalSection
	GlobalSection(ProjectConfigurationPlatforms) = postSolution
		{FE14E42F-5A01-47C0-A35B-E33667CA05A7}.Debug|Any CPU.ActiveCfg = Debug|Any CPU
		{FE14E42F-5A01-47C0-A35B-E33667CA05A7}.Debug|Any CPU.Build.0 = Debug|Any CPU
		{FE14E42F-5A01-47C0-A35B-E33667CA05A7}.Release|Any CPU.ActiveCfg = Release|Any CPU
		{FE14E42F-5A01-47C0-A35B-E33667CA05A7}.Release|Any CPU.Build.0 = Release|Any CPU
		{6FBE9A6C-3E98-4C77-BDA6-D526BA0130D6}.Debug|Any CPU.ActiveCfg = Debug|Any CPU
		{6FBE9A6C-3E98-4C77-BDA6-D526BA0130D6}.Debug|Any CPU.Build.0 = Debug|Any CPU
		{6FBE9A6C-3E98-4C77-BDA6-D526BA0130D6}.Release|Any CPU.ActiveCfg = Release|Any CPU
		{6FBE9A6C-3E98-4C77-BDA6-D526BA0130D6}.Release|Any CPU.Build.0 = Release|Any CPU
	EndGlobalSection
	GlobalSection(SolutionProperties) = preSolution
		HideSolutionNode = FALSE
	EndGlobalSection
	GlobalSection(ExtensibilityGlobals) = postSolution
		SolutionGuid = {18B235C7-9590-44A4-8CF9-9F2C52BD1E1F}
	EndGlobalSection
EndGlobal
