
Microsoft Visual Studio Solution File, Format Version 12.00
# Visual Studio 15
VisualStudioVersion = 15.0.28307.106
MinimumVisualStudioVersion = 10.0.40219.1
Project("{FAE04EC0-301F-11D3-BF4B-00C04F79EFBC}") = "manakhova_maria_bse184_1", "manakhova_maria_bse184_1\manakhova_maria_bse184_1.csproj", "{542BFE88-DA4F-46E4-B187-3FC25243B47B}"
EndProject
Project("{FAE04EC0-301F-11D3-BF4B-00C04F79EFBC}") = "ClassLib", "ClassLib\ClassLib.csproj", "{D29D63C3-A26F-4378-8C37-664727469E24}"
EndProject
Global
	GlobalSection(SolutionConfigurationPlatforms) = preSolution
		Debug|Any CPU = Debug|Any CPU
		Release|Any CPU = Release|Any CPU
	EndGlobalSection
	GlobalSection(ProjectConfigurationPlatforms) = postSolution
		{542BFE88-DA4F-46E4-B187-3FC25243B47B}.Debug|Any CPU.ActiveCfg = Debug|Any CPU
		{542BFE88-DA4F-46E4-B187-3FC25243B47B}.Debug|Any CPU.Build.0 = Debug|Any CPU
		{542BFE88-DA4F-46E4-B187-3FC25243B47B}.Release|Any CPU.ActiveCfg = Release|Any CPU
		{542BFE88-DA4F-46E4-B187-3FC25243B47B}.Release|Any CPU.Build.0 = Release|Any CPU
		{D29D63C3-A26F-4378-8C37-664727469E24}.Debug|Any CPU.ActiveCfg = Debug|Any CPU
		{D29D63C3-A26F-4378-8C37-664727469E24}.Debug|Any CPU.Build.0 = Debug|Any CPU
		{D29D63C3-A26F-4378-8C37-664727469E24}.Release|Any CPU.ActiveCfg = Release|Any CPU
		{D29D63C3-A26F-4378-8C37-664727469E24}.Release|Any CPU.Build.0 = Release|Any CPU
	EndGlobalSection
	GlobalSection(SolutionProperties) = preSolution
		HideSolutionNode = FALSE
	EndGlobalSection
	GlobalSection(ExtensibilityGlobals) = postSolution
		SolutionGuid = {6C0BF600-2304-4FD1-81E0-BC86D737F95C}
	EndGlobalSection
EndGlobal
