
Microsoft Visual Studio Solution File, Format Version 12.00
# Visual Studio 15
VisualStudioVersion = 15.0.27703.2042
MinimumVisualStudioVersion = 10.0.40219.1
Project("{FAE04EC0-301F-11D3-BF4B-00C04F79EFBC}") = "Task1", "Task1\Task1.csproj", "{9C9CEE87-3B63-473E-87B7-0FDA8852CAE5}"
EndProject
Global
	GlobalSection(SolutionConfigurationPlatforms) = preSolution
		Debug|Any CPU = Debug|Any CPU
		Release|Any CPU = Release|Any CPU
	EndGlobalSection
	GlobalSection(ProjectConfigurationPlatforms) = postSolution
		{9C9CEE87-3B63-473E-87B7-0FDA8852CAE5}.Debug|Any CPU.ActiveCfg = Debug|Any CPU
		{9C9CEE87-3B63-473E-87B7-0FDA8852CAE5}.Debug|Any CPU.Build.0 = Debug|Any CPU
		{9C9CEE87-3B63-473E-87B7-0FDA8852CAE5}.Release|Any CPU.ActiveCfg = Release|Any CPU
		{9C9CEE87-3B63-473E-87B7-0FDA8852CAE5}.Release|Any CPU.Build.0 = Release|Any CPU
	EndGlobalSection
	GlobalSection(SolutionProperties) = preSolution
		HideSolutionNode = FALSE
	EndGlobalSection
	GlobalSection(ExtensibilityGlobals) = postSolution
		SolutionGuid = {6B7937B0-0AC3-4F4D-85A9-D261E886850D}
	EndGlobalSection
EndGlobal
