
Microsoft Visual Studio Solution File, Format Version 12.00
# Visual Studio 15
VisualStudioVersion = 15.0.28307.489
MinimumVisualStudioVersion = 10.0.40219.1
Project("{FAE04EC0-301F-11D3-BF4B-00C04F79EFBC}") = "task_01", "task_01\task_01.csproj", "{C5EB83FE-4C33-4D65-9EC1-9C99353E8F82}"
EndProject
Project("{FAE04EC0-301F-11D3-BF4B-00C04F79EFBC}") = "task_02_pt2", "task_02_pt2\task_02_pt2.csproj", "{83134F13-0BC2-46B6-9CC2-7511AAA2564B}"
EndProject
Global
	GlobalSection(SolutionConfigurationPlatforms) = preSolution
		Debug|Any CPU = Debug|Any CPU
		Release|Any CPU = Release|Any CPU
	EndGlobalSection
	GlobalSection(ProjectConfigurationPlatforms) = postSolution
		{C5EB83FE-4C33-4D65-9EC1-9C99353E8F82}.Debug|Any CPU.ActiveCfg = Debug|Any CPU
		{C5EB83FE-4C33-4D65-9EC1-9C99353E8F82}.Debug|Any CPU.Build.0 = Debug|Any CPU
		{C5EB83FE-4C33-4D65-9EC1-9C99353E8F82}.Release|Any CPU.ActiveCfg = Release|Any CPU
		{C5EB83FE-4C33-4D65-9EC1-9C99353E8F82}.Release|Any CPU.Build.0 = Release|Any CPU
		{83134F13-0BC2-46B6-9CC2-7511AAA2564B}.Debug|Any CPU.ActiveCfg = Debug|Any CPU
		{83134F13-0BC2-46B6-9CC2-7511AAA2564B}.Debug|Any CPU.Build.0 = Debug|Any CPU
		{83134F13-0BC2-46B6-9CC2-7511AAA2564B}.Release|Any CPU.ActiveCfg = Release|Any CPU
		{83134F13-0BC2-46B6-9CC2-7511AAA2564B}.Release|Any CPU.Build.0 = Release|Any CPU
	EndGlobalSection
	GlobalSection(SolutionProperties) = preSolution
		HideSolutionNode = FALSE
	EndGlobalSection
	GlobalSection(ExtensibilityGlobals) = postSolution
		SolutionGuid = {D3478F3D-4E48-41B3-BED0-D6DDF676A9A9}
	EndGlobalSection
EndGlobal
