
Microsoft Visual Studio Solution File, Format Version 12.00
# Visual Studio 15
VisualStudioVersion = 15.0.28307.106
MinimumVisualStudioVersion = 10.0.40219.1
Project("{FAE04EC0-301F-11D3-BF4B-00C04F79EFBC}") = "task_01", "task_01\task_01.csproj", "{FFB99E48-B79B-4632-B5A5-EEDFAF0AB120}"
EndProject
Project("{FAE04EC0-301F-11D3-BF4B-00C04F79EFBC}") = "ClassLibrary", "ClassLibrary\ClassLibrary.csproj", "{8DBE30D7-9659-48B8-AB30-F133452E02CA}"
EndProject
Global
	GlobalSection(SolutionConfigurationPlatforms) = preSolution
		Debug|Any CPU = Debug|Any CPU
		Release|Any CPU = Release|Any CPU
	EndGlobalSection
	GlobalSection(ProjectConfigurationPlatforms) = postSolution
		{FFB99E48-B79B-4632-B5A5-EEDFAF0AB120}.Debug|Any CPU.ActiveCfg = Debug|Any CPU
		{FFB99E48-B79B-4632-B5A5-EEDFAF0AB120}.Debug|Any CPU.Build.0 = Debug|Any CPU
		{FFB99E48-B79B-4632-B5A5-EEDFAF0AB120}.Release|Any CPU.ActiveCfg = Release|Any CPU
		{FFB99E48-B79B-4632-B5A5-EEDFAF0AB120}.Release|Any CPU.Build.0 = Release|Any CPU
		{8DBE30D7-9659-48B8-AB30-F133452E02CA}.Debug|Any CPU.ActiveCfg = Debug|Any CPU
		{8DBE30D7-9659-48B8-AB30-F133452E02CA}.Debug|Any CPU.Build.0 = Debug|Any CPU
		{8DBE30D7-9659-48B8-AB30-F133452E02CA}.Release|Any CPU.ActiveCfg = Release|Any CPU
		{8DBE30D7-9659-48B8-AB30-F133452E02CA}.Release|Any CPU.Build.0 = Release|Any CPU
	EndGlobalSection
	GlobalSection(SolutionProperties) = preSolution
		HideSolutionNode = FALSE
	EndGlobalSection
	GlobalSection(ExtensibilityGlobals) = postSolution
		SolutionGuid = {F439B09C-4E4F-4C1A-A97A-882B50A022D3}
	EndGlobalSection
EndGlobal
