
Microsoft Visual Studio Solution File, Format Version 12.00
# Visual Studio 15
VisualStudioVersion = 15.0.28307.106
MinimumVisualStudioVersion = 10.0.40219.1
Project("{FAE04EC0-301F-11D3-BF4B-00C04F79EFBC}") = "SampleLib3", "ClassLibrary1\SampleLib3.csproj", "{B71E8414-26AC-4B04-81A5-7652EA738616}"
EndProject
Project("{FAE04EC0-301F-11D3-BF4B-00C04F79EFBC}") = "SampleApp3", "SampleApp3\SampleApp3.csproj", "{D33F5E73-B91C-485B-A06E-B92411EEECFA}"
EndProject
Global
	GlobalSection(SolutionConfigurationPlatforms) = preSolution
		Debug|Any CPU = Debug|Any CPU
		Release|Any CPU = Release|Any CPU
	EndGlobalSection
	GlobalSection(ProjectConfigurationPlatforms) = postSolution
		{B71E8414-26AC-4B04-81A5-7652EA738616}.Debug|Any CPU.ActiveCfg = Debug|Any CPU
		{B71E8414-26AC-4B04-81A5-7652EA738616}.Debug|Any CPU.Build.0 = Debug|Any CPU
		{B71E8414-26AC-4B04-81A5-7652EA738616}.Release|Any CPU.ActiveCfg = Release|Any CPU
		{B71E8414-26AC-4B04-81A5-7652EA738616}.Release|Any CPU.Build.0 = Release|Any CPU
		{D33F5E73-B91C-485B-A06E-B92411EEECFA}.Debug|Any CPU.ActiveCfg = Debug|Any CPU
		{D33F5E73-B91C-485B-A06E-B92411EEECFA}.Debug|Any CPU.Build.0 = Debug|Any CPU
		{D33F5E73-B91C-485B-A06E-B92411EEECFA}.Release|Any CPU.ActiveCfg = Release|Any CPU
		{D33F5E73-B91C-485B-A06E-B92411EEECFA}.Release|Any CPU.Build.0 = Release|Any CPU
	EndGlobalSection
	GlobalSection(SolutionProperties) = preSolution
		HideSolutionNode = FALSE
	EndGlobalSection
	GlobalSection(ExtensibilityGlobals) = postSolution
		SolutionGuid = {2C0AEDCA-A677-49A3-B804-2E11E984E54A}
	EndGlobalSection
EndGlobal
