
Microsoft Visual Studio Solution File, Format Version 12.00
# Visual Studio 15
VisualStudioVersion = 15.0.27703.2042
MinimumVisualStudioVersion = 10.0.40219.1
Project("{FAE04EC0-301F-11D3-BF4B-00C04F79EFBC}") = "Task_02", "Task_02\Task_02.csproj", "{CDD9FE0B-EB8F-48D2-80E2-6B9F3FFF97B7}"
EndProject
Project("{FAE04EC0-301F-11D3-BF4B-00C04F79EFBC}") = "Task_03", "Task_03\Task_03.csproj", "{43B31813-5BA8-44D6-BD94-6EB9941E67D4}"
EndProject
Project("{FAE04EC0-301F-11D3-BF4B-00C04F79EFBC}") = "Task_04", "Task_04\Task_04.csproj", "{370028AD-AA3A-4BC5-B4C4-B3D356370C09}"
EndProject
Project("{FAE04EC0-301F-11D3-BF4B-00C04F79EFBC}") = "Task_05", "Task_05\Task_05.csproj", "{FCBAB574-CA14-48E5-9ECD-2524102FA7BB}"
EndProject
Project("{FAE04EC0-301F-11D3-BF4B-00C04F79EFBC}") = "Task_06", "Task_06\Task_06.csproj", "{F87B3369-495A-404B-BA07-BC4878A07298}"
EndProject
Global
	GlobalSection(SolutionConfigurationPlatforms) = preSolution
		Debug|Any CPU = Debug|Any CPU
		Release|Any CPU = Release|Any CPU
	EndGlobalSection
	GlobalSection(ProjectConfigurationPlatforms) = postSolution
		{CDD9FE0B-EB8F-48D2-80E2-6B9F3FFF97B7}.Debug|Any CPU.ActiveCfg = Debug|Any CPU
		{CDD9FE0B-EB8F-48D2-80E2-6B9F3FFF97B7}.Debug|Any CPU.Build.0 = Debug|Any CPU
		{CDD9FE0B-EB8F-48D2-80E2-6B9F3FFF97B7}.Release|Any CPU.ActiveCfg = Release|Any CPU
		{CDD9FE0B-EB8F-48D2-80E2-6B9F3FFF97B7}.Release|Any CPU.Build.0 = Release|Any CPU
		{43B31813-5BA8-44D6-BD94-6EB9941E67D4}.Debug|Any CPU.ActiveCfg = Debug|Any CPU
		{43B31813-5BA8-44D6-BD94-6EB9941E67D4}.Debug|Any CPU.Build.0 = Debug|Any CPU
		{43B31813-5BA8-44D6-BD94-6EB9941E67D4}.Release|Any CPU.ActiveCfg = Release|Any CPU
		{43B31813-5BA8-44D6-BD94-6EB9941E67D4}.Release|Any CPU.Build.0 = Release|Any CPU
		{370028AD-AA3A-4BC5-B4C4-B3D356370C09}.Debug|Any CPU.ActiveCfg = Debug|Any CPU
		{370028AD-AA3A-4BC5-B4C4-B3D356370C09}.Debug|Any CPU.Build.0 = Debug|Any CPU
		{370028AD-AA3A-4BC5-B4C4-B3D356370C09}.Release|Any CPU.ActiveCfg = Release|Any CPU
		{370028AD-AA3A-4BC5-B4C4-B3D356370C09}.Release|Any CPU.Build.0 = Release|Any CPU
		{FCBAB574-CA14-48E5-9ECD-2524102FA7BB}.Debug|Any CPU.ActiveCfg = Debug|Any CPU
		{FCBAB574-CA14-48E5-9ECD-2524102FA7BB}.Debug|Any CPU.Build.0 = Debug|Any CPU
		{FCBAB574-CA14-48E5-9ECD-2524102FA7BB}.Release|Any CPU.ActiveCfg = Release|Any CPU
		{FCBAB574-CA14-48E5-9ECD-2524102FA7BB}.Release|Any CPU.Build.0 = Release|Any CPU
		{F87B3369-495A-404B-BA07-BC4878A07298}.Debug|Any CPU.ActiveCfg = Debug|Any CPU
		{F87B3369-495A-404B-BA07-BC4878A07298}.Debug|Any CPU.Build.0 = Debug|Any CPU
		{F87B3369-495A-404B-BA07-BC4878A07298}.Release|Any CPU.ActiveCfg = Release|Any CPU
		{F87B3369-495A-404B-BA07-BC4878A07298}.Release|Any CPU.Build.0 = Release|Any CPU
	EndGlobalSection
	GlobalSection(SolutionProperties) = preSolution
		HideSolutionNode = FALSE
	EndGlobalSection
	GlobalSection(ExtensibilityGlobals) = postSolution
		SolutionGuid = {1C053801-CE40-4484-B47B-64235E63AD93}
	EndGlobalSection
EndGlobal
