
Microsoft Visual Studio Solution File, Format Version 12.00
# Visual Studio 15
VisualStudioVersion = 15.0.27703.2042
MinimumVisualStudioVersion = 10.0.40219.1
Project("{FAE04EC0-301F-11D3-BF4B-00C04F79EFBC}") = "Task_03", "Task_01\Task_03.csproj", "{A54EB5A6-7B93-483B-94B2-C0BFE5A2018F}"
EndProject
Project("{FAE04EC0-301F-11D3-BF4B-00C04F79EFBC}") = "Task_01", "Task_01_1\Task_01.csproj", "{4BEE0F6B-272C-4B08-9A3C-73051F0CD315}"
EndProject
Project("{FAE04EC0-301F-11D3-BF4B-00C04F79EFBC}") = "Task_02", "Task_02\Task_02.csproj", "{95B46207-80A7-48E3-838B-6AAA79CBBAEF}"
EndProject
Project("{FAE04EC0-301F-11D3-BF4B-00C04F79EFBC}") = "Task_04", "Task_04\Task_04.csproj", "{A4015A8B-381A-481F-B1D5-3C9DF25E4E7A}"
EndProject
Project("{FAE04EC0-301F-11D3-BF4B-00C04F79EFBC}") = "Task_05", "Task_05\Task_05.csproj", "{EFD476B0-1C91-4A16-B5EF-391E343997F9}"
EndProject
Project("{FAE04EC0-301F-11D3-BF4B-00C04F79EFBC}") = "Task_06", "Task_06\Task_06.csproj", "{DEE359EA-DACD-4A7F-A42D-428F33315AA2}"
EndProject
Project("{FAE04EC0-301F-11D3-BF4B-00C04F79EFBC}") = "Task_07", "Task_07\Task_07.csproj", "{62ED6762-66FF-439D-8EA0-257BA70EE64C}"
EndProject
Project("{FAE04EC0-301F-11D3-BF4B-00C04F79EFBC}") = "Task_08", "Task_08\Task_08.csproj", "{8D3850F1-A8A4-404A-8585-FA5609516FE0}"
EndProject
Project("{FAE04EC0-301F-11D3-BF4B-00C04F79EFBC}") = "Task_09", "Task_09\Task_09.csproj", "{8D34CD83-0376-4CEC-A6A8-0AE55D401406}"
EndProject
Project("{FAE04EC0-301F-11D3-BF4B-00C04F79EFBC}") = "Task_10", "Task_10\Task_10.csproj", "{29AF159A-DAAF-44E4-9C9B-D5C44F05A984}"
EndProject
Project("{FAE04EC0-301F-11D3-BF4B-00C04F79EFBC}") = "Task_11", "Task_11\Task_11.csproj", "{81F972CA-7594-47A0-BE8E-CF13F46E698E}"
EndProject
Project("{FAE04EC0-301F-11D3-BF4B-00C04F79EFBC}") = "Task_12", "Task_12\Task_12.csproj", "{709DA11A-BE3E-4CC9-B6EA-3818DA77D153}"
EndProject
Project("{FAE04EC0-301F-11D3-BF4B-00C04F79EFBC}") = "Task_13", "Task_13\Task_13.csproj", "{CD13A3BE-EFBE-497B-B418-491F3BFAD902}"
EndProject
Global
	GlobalSection(SolutionConfigurationPlatforms) = preSolution
		Debug|Any CPU = Debug|Any CPU
		Release|Any CPU = Release|Any CPU
	EndGlobalSection
	GlobalSection(ProjectConfigurationPlatforms) = postSolution
		{A54EB5A6-7B93-483B-94B2-C0BFE5A2018F}.Debug|Any CPU.ActiveCfg = Debug|Any CPU
		{A54EB5A6-7B93-483B-94B2-C0BFE5A2018F}.Debug|Any CPU.Build.0 = Debug|Any CPU
		{A54EB5A6-7B93-483B-94B2-C0BFE5A2018F}.Release|Any CPU.ActiveCfg = Release|Any CPU
		{A54EB5A6-7B93-483B-94B2-C0BFE5A2018F}.Release|Any CPU.Build.0 = Release|Any CPU
		{4BEE0F6B-272C-4B08-9A3C-73051F0CD315}.Debug|Any CPU.ActiveCfg = Debug|Any CPU
		{4BEE0F6B-272C-4B08-9A3C-73051F0CD315}.Debug|Any CPU.Build.0 = Debug|Any CPU
		{4BEE0F6B-272C-4B08-9A3C-73051F0CD315}.Release|Any CPU.ActiveCfg = Release|Any CPU
		{4BEE0F6B-272C-4B08-9A3C-73051F0CD315}.Release|Any CPU.Build.0 = Release|Any CPU
		{95B46207-80A7-48E3-838B-6AAA79CBBAEF}.Debug|Any CPU.ActiveCfg = Debug|Any CPU
		{95B46207-80A7-48E3-838B-6AAA79CBBAEF}.Debug|Any CPU.Build.0 = Debug|Any CPU
		{95B46207-80A7-48E3-838B-6AAA79CBBAEF}.Release|Any CPU.ActiveCfg = Release|Any CPU
		{95B46207-80A7-48E3-838B-6AAA79CBBAEF}.Release|Any CPU.Build.0 = Release|Any CPU
		{A4015A8B-381A-481F-B1D5-3C9DF25E4E7A}.Debug|Any CPU.ActiveCfg = Debug|Any CPU
		{A4015A8B-381A-481F-B1D5-3C9DF25E4E7A}.Debug|Any CPU.Build.0 = Debug|Any CPU
		{A4015A8B-381A-481F-B1D5-3C9DF25E4E7A}.Release|Any CPU.ActiveCfg = Release|Any CPU
		{A4015A8B-381A-481F-B1D5-3C9DF25E4E7A}.Release|Any CPU.Build.0 = Release|Any CPU
		{EFD476B0-1C91-4A16-B5EF-391E343997F9}.Debug|Any CPU.ActiveCfg = Debug|Any CPU
		{EFD476B0-1C91-4A16-B5EF-391E343997F9}.Debug|Any CPU.Build.0 = Debug|Any CPU
		{EFD476B0-1C91-4A16-B5EF-391E343997F9}.Release|Any CPU.ActiveCfg = Release|Any CPU
		{EFD476B0-1C91-4A16-B5EF-391E343997F9}.Release|Any CPU.Build.0 = Release|Any CPU
		{DEE359EA-DACD-4A7F-A42D-428F33315AA2}.Debug|Any CPU.ActiveCfg = Debug|Any CPU
		{DEE359EA-DACD-4A7F-A42D-428F33315AA2}.Debug|Any CPU.Build.0 = Debug|Any CPU
		{DEE359EA-DACD-4A7F-A42D-428F33315AA2}.Release|Any CPU.ActiveCfg = Release|Any CPU
		{DEE359EA-DACD-4A7F-A42D-428F33315AA2}.Release|Any CPU.Build.0 = Release|Any CPU
		{62ED6762-66FF-439D-8EA0-257BA70EE64C}.Debug|Any CPU.ActiveCfg = Debug|Any CPU
		{62ED6762-66FF-439D-8EA0-257BA70EE64C}.Debug|Any CPU.Build.0 = Debug|Any CPU
		{62ED6762-66FF-439D-8EA0-257BA70EE64C}.Release|Any CPU.ActiveCfg = Release|Any CPU
		{62ED6762-66FF-439D-8EA0-257BA70EE64C}.Release|Any CPU.Build.0 = Release|Any CPU
		{8D3850F1-A8A4-404A-8585-FA5609516FE0}.Debug|Any CPU.ActiveCfg = Debug|Any CPU
		{8D3850F1-A8A4-404A-8585-FA5609516FE0}.Debug|Any CPU.Build.0 = Debug|Any CPU
		{8D3850F1-A8A4-404A-8585-FA5609516FE0}.Release|Any CPU.ActiveCfg = Release|Any CPU
		{8D3850F1-A8A4-404A-8585-FA5609516FE0}.Release|Any CPU.Build.0 = Release|Any CPU
		{8D34CD83-0376-4CEC-A6A8-0AE55D401406}.Debug|Any CPU.ActiveCfg = Debug|Any CPU
		{8D34CD83-0376-4CEC-A6A8-0AE55D401406}.Debug|Any CPU.Build.0 = Debug|Any CPU
		{8D34CD83-0376-4CEC-A6A8-0AE55D401406}.Release|Any CPU.ActiveCfg = Release|Any CPU
		{8D34CD83-0376-4CEC-A6A8-0AE55D401406}.Release|Any CPU.Build.0 = Release|Any CPU
		{29AF159A-DAAF-44E4-9C9B-D5C44F05A984}.Debug|Any CPU.ActiveCfg = Debug|Any CPU
		{29AF159A-DAAF-44E4-9C9B-D5C44F05A984}.Debug|Any CPU.Build.0 = Debug|Any CPU
		{29AF159A-DAAF-44E4-9C9B-D5C44F05A984}.Release|Any CPU.ActiveCfg = Release|Any CPU
		{29AF159A-DAAF-44E4-9C9B-D5C44F05A984}.Release|Any CPU.Build.0 = Release|Any CPU
		{81F972CA-7594-47A0-BE8E-CF13F46E698E}.Debug|Any CPU.ActiveCfg = Debug|Any CPU
		{81F972CA-7594-47A0-BE8E-CF13F46E698E}.Debug|Any CPU.Build.0 = Debug|Any CPU
		{81F972CA-7594-47A0-BE8E-CF13F46E698E}.Release|Any CPU.ActiveCfg = Release|Any CPU
		{81F972CA-7594-47A0-BE8E-CF13F46E698E}.Release|Any CPU.Build.0 = Release|Any CPU
		{709DA11A-BE3E-4CC9-B6EA-3818DA77D153}.Debug|Any CPU.ActiveCfg = Debug|Any CPU
		{709DA11A-BE3E-4CC9-B6EA-3818DA77D153}.Debug|Any CPU.Build.0 = Debug|Any CPU
		{709DA11A-BE3E-4CC9-B6EA-3818DA77D153}.Release|Any CPU.ActiveCfg = Release|Any CPU
		{709DA11A-BE3E-4CC9-B6EA-3818DA77D153}.Release|Any CPU.Build.0 = Release|Any CPU
		{CD13A3BE-EFBE-497B-B418-491F3BFAD902}.Debug|Any CPU.ActiveCfg = Debug|Any CPU
		{CD13A3BE-EFBE-497B-B418-491F3BFAD902}.Debug|Any CPU.Build.0 = Debug|Any CPU
		{CD13A3BE-EFBE-497B-B418-491F3BFAD902}.Release|Any CPU.ActiveCfg = Release|Any CPU
		{CD13A3BE-EFBE-497B-B418-491F3BFAD902}.Release|Any CPU.Build.0 = Release|Any CPU
	EndGlobalSection
	GlobalSection(SolutionProperties) = preSolution
		HideSolutionNode = FALSE
	EndGlobalSection
	GlobalSection(ExtensibilityGlobals) = postSolution
		SolutionGuid = {D9EC4F93-69C1-418D-9391-CF9F0550E7BB}
	EndGlobalSection
EndGlobal
